
Microsoft Visual Studio Solution File, Format Version 12.00
# Visual Studio Version 16
VisualStudioVersion = 16.0.31105.61
MinimumVisualStudioVersion = 10.0.40219.1
Project("{FAE04EC0-301F-11D3-BF4B-00C04F79EFBC}") = "AllPayInterviewLightsOut", "AllPayInterviewLightsOut\AllPayInterviewLightsOut.csproj", "{DBC5E897-5958-4213-AE9F-D830A7AD00AA}"
EndProject
Project("{FAE04EC0-301F-11D3-BF4B-00C04F79EFBC}") = "LightsOutTests", "LightsOutTests\LightsOutTests.csproj", "{EC6C87E0-4348-4DF0-B25B-5A2EDC3FEFA1}"
EndProject
Global
	GlobalSection(SolutionConfigurationPlatforms) = preSolution
		Debug|Any CPU = Debug|Any CPU
		Release|Any CPU = Release|Any CPU
	EndGlobalSection
	GlobalSection(ProjectConfigurationPlatforms) = postSolution
		{DBC5E897-5958-4213-AE9F-D830A7AD00AA}.Debug|Any CPU.ActiveCfg = Debug|Any CPU
		{DBC5E897-5958-4213-AE9F-D830A7AD00AA}.Debug|Any CPU.Build.0 = Debug|Any CPU
		{DBC5E897-5958-4213-AE9F-D830A7AD00AA}.Release|Any CPU.ActiveCfg = Release|Any CPU
		{DBC5E897-5958-4213-AE9F-D830A7AD00AA}.Release|Any CPU.Build.0 = Release|Any CPU
		{EC6C87E0-4348-4DF0-B25B-5A2EDC3FEFA1}.Debug|Any CPU.ActiveCfg = Debug|Any CPU
		{EC6C87E0-4348-4DF0-B25B-5A2EDC3FEFA1}.Debug|Any CPU.Build.0 = Debug|Any CPU
		{EC6C87E0-4348-4DF0-B25B-5A2EDC3FEFA1}.Release|Any CPU.ActiveCfg = Release|Any CPU
		{EC6C87E0-4348-4DF0-B25B-5A2EDC3FEFA1}.Release|Any CPU.Build.0 = Release|Any CPU
	EndGlobalSection
	GlobalSection(SolutionProperties) = preSolution
		HideSolutionNode = FALSE
	EndGlobalSection
	GlobalSection(ExtensibilityGlobals) = postSolution
		SolutionGuid = {1DD27E35-3B4B-4379-8384-A57BF75BAC98}
	EndGlobalSection
EndGlobal
